{
  "name": "@henryqrm/button",
  "version": "0.0.2",
  "lockfileVersion": 1,
  "requires": true,
  "dependencies": {
    "@types/cheerio": {
      "version": "0.22.12",
      "resolved": "https://registry.npmjs.org/@types/cheerio/-/cheerio-0.22.12.tgz",
      "integrity": "sha512-aczowyAJNfrkBV+HS8DyAA87OnvkqGrrOmm5s7V6Jbgimzv/1ZoAy91cLJX8GQrUS60KufD7EIzA2LbK8HV4hg==",
      "dev": true,
      "requires": {
        "@types/node": "*"
      }
    },
    "@types/enzyme": {
      "version": "3.10.1",
      "resolved": "https://registry.npmjs.org/@types/enzyme/-/enzyme-3.10.1.tgz",
      "integrity": "sha512-Jd2hvn3w/0rBH8qD2n+JLMq2GjmZoKTZc5TTg8q9cDnJ9jkR7gzPV+ZdipKwGkWpMRXKDm9kuc9UiUqsW5s20w==",
      "dev": true,
      "requires": {
        "@types/cheerio": "*",
        "@types/react": "*"
      }
    },
    "@types/node": {
      "version": "12.0.12",
      "resolved": "https://registry.npmjs.org/@types/node/-/node-12.0.12.tgz",
      "integrity": "sha512-Uy0PN4R5vgBUXFoJrKryf5aTk3kJ8Rv3PdlHjl6UaX+Cqp1QE0yPQ68MPXGrZOfG7gZVNDIJZYyot0B9ubXUrQ==",
      "dev": true
    },
    "@types/prop-types": {
      "version": "15.7.1",
      "resolved": "https://registry.npmjs.org/@types/prop-types/-/prop-types-15.7.1.tgz",
      "integrity": "sha512-CFzn9idOEpHrgdw8JsoTkaDDyRWk1jrzIV8djzcgpq0y9tG4B4lFT+Nxh52DVpDXV+n4+NPNv7M1Dj5uMp6XFg==",
      "dev": true
    },
    "@types/react": {
      "version": "16.8.23",
      "resolved": "https://registry.npmjs.org/@types/react/-/react-16.8.23.tgz",
      "integrity": "sha512-abkEOIeljniUN9qB5onp++g0EY38h7atnDHxwKUFz1r3VH1+yG1OKi2sNPTyObL40goBmfKFpdii2lEzwLX1cA==",
      "dev": true,
      "requires": {
        "@types/prop-types": "*",
        "csstype": "^2.2.0"
      }
    },
    "csstype": {
      "version": "2.6.5",
      "resolved": "https://registry.npmjs.org/csstype/-/csstype-2.6.5.tgz",
      "integrity": "sha512-JsTaiksRsel5n7XwqPAfB0l3TFKdpjW/kgAELf9vrb5adGA7UCPLajKK5s3nFrcFm3Rkyp/Qkgl73ENc1UY3cA==",
      "dev": true
    }
  }
}
